# This file is automatically @generated by Cargo.
# It is not intended for manual editing.
[[package]]
name = "ruspiro-gpio"
version = "0.0.1"
dependencies = [
 "ruspiro-register 0.0.1 (git+https://github.com/RusPiRo/ruspiro-register)",
 "ruspiro-singleton 0.0.1 (git+https://github.com/RusPiRo/ruspiro-singleton)",
]

[[package]]
name = "ruspiro-lock"
version = "0.0.1"
source = "git+https://github.com/RusPiRo/ruspiro-lock#fc4a52a130e5254c6f2fab9343031030d92a96c8"

[[package]]
name = "ruspiro-register"
version = "0.0.1"
source = "git+https://github.com/RusPiRo/ruspiro-register#97147dfddc4e72955ef5206e9764648d52ca76f2"

[[package]]
name = "ruspiro-singleton"
version = "0.0.1"
source = "git+https://github.com/RusPiRo/ruspiro-singleton#e6b717fb55ec4e9cea9699072f2fda695569547d"
dependencies = [
 "ruspiro-lock 0.0.1 (git+https://github.com/RusPiRo/ruspiro-lock)",
]

[metadata]
"checksum ruspiro-lock 0.0.1 (git+https://github.com/RusPiRo/ruspiro-lock)" = "<none>"
"checksum ruspiro-register 0.0.1 (git+https://github.com/RusPiRo/ruspiro-register)" = "<none>"
"checksum ruspiro-singleton 0.0.1 (git+https://github.com/RusPiRo/ruspiro-singleton)" = "<none>"
