# This file is automatically @generated by Cargo.
# It is not intended for manual editing.
[[package]]
name = "ruspiro-gpio"
version = "0.1.0"
dependencies = [
 "ruspiro-register 0.1.1 (registry+https://github.com/rust-lang/crates.io-index)",
 "ruspiro-singleton 0.1.0 (registry+https://github.com/rust-lang/crates.io-index)",
]

[[package]]
name = "ruspiro-lock"
version = "0.1.0"
source = "registry+https://github.com/rust-lang/crates.io-index"

[[package]]
name = "ruspiro-register"
version = "0.1.1"
source = "registry+https://github.com/rust-lang/crates.io-index"

[[package]]
name = "ruspiro-singleton"
version = "0.1.0"
source = "registry+https://github.com/rust-lang/crates.io-index"
dependencies = [
 "ruspiro-lock 0.1.0 (registry+https://github.com/rust-lang/crates.io-index)",
]

[metadata]
"checksum ruspiro-lock 0.1.0 (registry+https://github.com/rust-lang/crates.io-index)" = "5655fe05fe4b90dc84698371cf0d7db487c6826933017ae199d908cb2a96e9bc"
"checksum ruspiro-register 0.1.1 (registry+https://github.com/rust-lang/crates.io-index)" = "b980f28994eba9f2f2a7e539acdc2daf7903cd38dd173c24153d4a2a69f23414"
"checksum ruspiro-singleton 0.1.0 (registry+https://github.com/rust-lang/crates.io-index)" = "03fbde4c1f1bc3a4cc88ad0e8f33e20ff7397a87a11b9856edea412e4bef863d"
